
Microsoft Visual Studio Solution File, Format Version 11.00
# Visual Studio 2010
Project("{FAE04EC0-301F-11D3-BF4B-00C04F79EFBC}") = "audio_device_info", "audio_device_info\audio_device_info.csproj", "{E5B3B1F9-D7E9-4E93-9A83-DC98B324479A}"
EndProject
Project("{FAE04EC0-301F-11D3-BF4B-00C04F79EFBC}") = "CameraImage", "CameraImage\CameraImage.csproj", "{D0EC01EB-E508-4432-A395-29E63D6C8EBC}"
EndProject
Project("{FAE04EC0-301F-11D3-BF4B-00C04F79EFBC}") = "Depth", "Depth\Depth.csproj", "{29E73D2A-5A39-4787-8840-EFA262D8C535}"
EndProject
Project("{FAE04EC0-301F-11D3-BF4B-00C04F79EFBC}") = "User", "User\User.csproj", "{12394B3E-7907-48E3-8335-3DF0C920BBBF}"
EndProject
Project("{FAE04EC0-301F-11D3-BF4B-00C04F79EFBC}") = "Skeleton", "Skeleton\Skeleton.csproj", "{289191B8-BC2E-4D7F-B97D-301E72A3ABE8}"
EndProject
Project("{FAE04EC0-301F-11D3-BF4B-00C04F79EFBC}") = "CameraImageWPF", "CameraImageWPF\CameraImageWPF.csproj", "{0D54A397-4319-4273-9256-70FABC3C5DFE}"
EndProject
Global
	GlobalSection(SolutionConfigurationPlatforms) = preSolution
		Debug|x86 = Debug|x86
		Release|x86 = Release|x86
	EndGlobalSection
	GlobalSection(ProjectConfigurationPlatforms) = postSolution
		{E5B3B1F9-D7E9-4E93-9A83-DC98B324479A}.Debug|x86.ActiveCfg = Debug|x86
		{E5B3B1F9-D7E9-4E93-9A83-DC98B324479A}.Debug|x86.Build.0 = Debug|x86
		{E5B3B1F9-D7E9-4E93-9A83-DC98B324479A}.Release|x86.ActiveCfg = Release|x86
		{E5B3B1F9-D7E9-4E93-9A83-DC98B324479A}.Release|x86.Build.0 = Release|x86
		{D0EC01EB-E508-4432-A395-29E63D6C8EBC}.Debug|x86.ActiveCfg = Debug|x86
		{D0EC01EB-E508-4432-A395-29E63D6C8EBC}.Debug|x86.Build.0 = Debug|x86
		{D0EC01EB-E508-4432-A395-29E63D6C8EBC}.Release|x86.ActiveCfg = Release|x86
		{D0EC01EB-E508-4432-A395-29E63D6C8EBC}.Release|x86.Build.0 = Release|x86
		{29E73D2A-5A39-4787-8840-EFA262D8C535}.Debug|x86.ActiveCfg = Debug|x86
		{29E73D2A-5A39-4787-8840-EFA262D8C535}.Debug|x86.Build.0 = Debug|x86
		{29E73D2A-5A39-4787-8840-EFA262D8C535}.Release|x86.ActiveCfg = Release|x86
		{29E73D2A-5A39-4787-8840-EFA262D8C535}.Release|x86.Build.0 = Release|x86
		{12394B3E-7907-48E3-8335-3DF0C920BBBF}.Debug|x86.ActiveCfg = Debug|x86
		{12394B3E-7907-48E3-8335-3DF0C920BBBF}.Debug|x86.Build.0 = Debug|x86
		{12394B3E-7907-48E3-8335-3DF0C920BBBF}.Release|x86.ActiveCfg = Release|x86
		{12394B3E-7907-48E3-8335-3DF0C920BBBF}.Release|x86.Build.0 = Release|x86
		{289191B8-BC2E-4D7F-B97D-301E72A3ABE8}.Debug|x86.ActiveCfg = Debug|x86
		{289191B8-BC2E-4D7F-B97D-301E72A3ABE8}.Debug|x86.Build.0 = Debug|x86
		{289191B8-BC2E-4D7F-B97D-301E72A3ABE8}.Release|x86.ActiveCfg = Release|x86
		{289191B8-BC2E-4D7F-B97D-301E72A3ABE8}.Release|x86.Build.0 = Release|x86
		{0D54A397-4319-4273-9256-70FABC3C5DFE}.Debug|x86.ActiveCfg = Debug|x86
		{0D54A397-4319-4273-9256-70FABC3C5DFE}.Debug|x86.Build.0 = Debug|x86
		{0D54A397-4319-4273-9256-70FABC3C5DFE}.Release|x86.ActiveCfg = Release|x86
		{0D54A397-4319-4273-9256-70FABC3C5DFE}.Release|x86.Build.0 = Release|x86
	EndGlobalSection
	GlobalSection(SolutionProperties) = preSolution
		HideSolutionNode = FALSE
	EndGlobalSection
EndGlobal
