
Microsoft Visual Studio Solution File, Format Version 11.00
# Visual Studio 2010
Project("{FAE04EC0-301F-11D3-BF4B-00C04F79EFBC}") = "CameraImageWPF", "CameraImageWPF\CameraImageWPF.csproj", "{0D54A397-4319-4273-9256-70FABC3C5DFE}"
EndProject
Project("{FAE04EC0-301F-11D3-BF4B-00C04F79EFBC}") = "DepthWPF", "DepthWPF\DepthWPF.csproj", "{88A09540-4A66-4DEC-8BF9-3DBCAE54D8EB}"
EndProject
Project("{FAE04EC0-301F-11D3-BF4B-00C04F79EFBC}") = "UserWPF", "UserWPF\UserWPF.csproj", "{D6DE2517-4F77-4CF0-90A3-14BC002644AC}"
EndProject
Project("{FAE04EC0-301F-11D3-BF4B-00C04F79EFBC}") = "SkeletonWPF", "SkeletonWPF\SkeletonWPF.csproj", "{7DD85EAF-48FF-4074-83F9-2B3F0A89A846}"
EndProject
Project("{8BC9CEB8-8B4A-11D0-8D11-00A0C91BC942}") = "StreamingWavePlayer", "StreamingWavePlayer\StreamingWavePlayer.vcxproj", "{737554E2-6605-4F62-98B9-F0C9985E22F7}"
EndProject
Project("{FAE04EC0-301F-11D3-BF4B-00C04F79EFBC}") = "Audio", "Audio\Audio.csproj", "{64E6E6AB-7B3C-45FA-834C-01515BE8EDCA}"
EndProject
Project("{FAE04EC0-301F-11D3-BF4B-00C04F79EFBC}") = "AudioDiretion", "AudioDiretion\AudioDiretion.csproj", "{013BB689-7262-4182-9A1A-85FBF3E08C41}"
EndProject
Global
	GlobalSection(SolutionConfigurationPlatforms) = preSolution
		Debug|Mixed Platforms = Debug|Mixed Platforms
		Debug|Win32 = Debug|Win32
		Debug|x86 = Debug|x86
		Release|Mixed Platforms = Release|Mixed Platforms
		Release|Win32 = Release|Win32
		Release|x86 = Release|x86
	EndGlobalSection
	GlobalSection(ProjectConfigurationPlatforms) = postSolution
		{0D54A397-4319-4273-9256-70FABC3C5DFE}.Debug|Mixed Platforms.ActiveCfg = Debug|x86
		{0D54A397-4319-4273-9256-70FABC3C5DFE}.Debug|Mixed Platforms.Build.0 = Debug|x86
		{0D54A397-4319-4273-9256-70FABC3C5DFE}.Debug|Win32.ActiveCfg = Debug|x86
		{0D54A397-4319-4273-9256-70FABC3C5DFE}.Debug|x86.ActiveCfg = Debug|x86
		{0D54A397-4319-4273-9256-70FABC3C5DFE}.Debug|x86.Build.0 = Debug|x86
		{0D54A397-4319-4273-9256-70FABC3C5DFE}.Release|Mixed Platforms.ActiveCfg = Release|x86
		{0D54A397-4319-4273-9256-70FABC3C5DFE}.Release|Mixed Platforms.Build.0 = Release|x86
		{0D54A397-4319-4273-9256-70FABC3C5DFE}.Release|Win32.ActiveCfg = Release|x86
		{0D54A397-4319-4273-9256-70FABC3C5DFE}.Release|x86.ActiveCfg = Release|x86
		{0D54A397-4319-4273-9256-70FABC3C5DFE}.Release|x86.Build.0 = Release|x86
		{88A09540-4A66-4DEC-8BF9-3DBCAE54D8EB}.Debug|Mixed Platforms.ActiveCfg = Debug|x86
		{88A09540-4A66-4DEC-8BF9-3DBCAE54D8EB}.Debug|Mixed Platforms.Build.0 = Debug|x86
		{88A09540-4A66-4DEC-8BF9-3DBCAE54D8EB}.Debug|Win32.ActiveCfg = Debug|x86
		{88A09540-4A66-4DEC-8BF9-3DBCAE54D8EB}.Debug|x86.ActiveCfg = Debug|x86
		{88A09540-4A66-4DEC-8BF9-3DBCAE54D8EB}.Debug|x86.Build.0 = Debug|x86
		{88A09540-4A66-4DEC-8BF9-3DBCAE54D8EB}.Release|Mixed Platforms.ActiveCfg = Release|x86
		{88A09540-4A66-4DEC-8BF9-3DBCAE54D8EB}.Release|Mixed Platforms.Build.0 = Release|x86
		{88A09540-4A66-4DEC-8BF9-3DBCAE54D8EB}.Release|Win32.ActiveCfg = Release|x86
		{88A09540-4A66-4DEC-8BF9-3DBCAE54D8EB}.Release|x86.ActiveCfg = Release|x86
		{88A09540-4A66-4DEC-8BF9-3DBCAE54D8EB}.Release|x86.Build.0 = Release|x86
		{D6DE2517-4F77-4CF0-90A3-14BC002644AC}.Debug|Mixed Platforms.ActiveCfg = Debug|x86
		{D6DE2517-4F77-4CF0-90A3-14BC002644AC}.Debug|Mixed Platforms.Build.0 = Debug|x86
		{D6DE2517-4F77-4CF0-90A3-14BC002644AC}.Debug|Win32.ActiveCfg = Debug|x86
		{D6DE2517-4F77-4CF0-90A3-14BC002644AC}.Debug|x86.ActiveCfg = Debug|x86
		{D6DE2517-4F77-4CF0-90A3-14BC002644AC}.Debug|x86.Build.0 = Debug|x86
		{D6DE2517-4F77-4CF0-90A3-14BC002644AC}.Release|Mixed Platforms.ActiveCfg = Release|x86
		{D6DE2517-4F77-4CF0-90A3-14BC002644AC}.Release|Mixed Platforms.Build.0 = Release|x86
		{D6DE2517-4F77-4CF0-90A3-14BC002644AC}.Release|Win32.ActiveCfg = Release|x86
		{D6DE2517-4F77-4CF0-90A3-14BC002644AC}.Release|x86.ActiveCfg = Release|x86
		{D6DE2517-4F77-4CF0-90A3-14BC002644AC}.Release|x86.Build.0 = Release|x86
		{7DD85EAF-48FF-4074-83F9-2B3F0A89A846}.Debug|Mixed Platforms.ActiveCfg = Debug|x86
		{7DD85EAF-48FF-4074-83F9-2B3F0A89A846}.Debug|Mixed Platforms.Build.0 = Debug|x86
		{7DD85EAF-48FF-4074-83F9-2B3F0A89A846}.Debug|Win32.ActiveCfg = Debug|x86
		{7DD85EAF-48FF-4074-83F9-2B3F0A89A846}.Debug|x86.ActiveCfg = Debug|x86
		{7DD85EAF-48FF-4074-83F9-2B3F0A89A846}.Debug|x86.Build.0 = Debug|x86
		{7DD85EAF-48FF-4074-83F9-2B3F0A89A846}.Release|Mixed Platforms.ActiveCfg = Release|x86
		{7DD85EAF-48FF-4074-83F9-2B3F0A89A846}.Release|Mixed Platforms.Build.0 = Release|x86
		{7DD85EAF-48FF-4074-83F9-2B3F0A89A846}.Release|Win32.ActiveCfg = Release|x86
		{7DD85EAF-48FF-4074-83F9-2B3F0A89A846}.Release|x86.ActiveCfg = Release|x86
		{7DD85EAF-48FF-4074-83F9-2B3F0A89A846}.Release|x86.Build.0 = Release|x86
		{737554E2-6605-4F62-98B9-F0C9985E22F7}.Debug|Mixed Platforms.ActiveCfg = Debug|Win32
		{737554E2-6605-4F62-98B9-F0C9985E22F7}.Debug|Mixed Platforms.Build.0 = Debug|Win32
		{737554E2-6605-4F62-98B9-F0C9985E22F7}.Debug|Win32.ActiveCfg = Debug|Win32
		{737554E2-6605-4F62-98B9-F0C9985E22F7}.Debug|Win32.Build.0 = Debug|Win32
		{737554E2-6605-4F62-98B9-F0C9985E22F7}.Debug|x86.ActiveCfg = Debug|Win32
		{737554E2-6605-4F62-98B9-F0C9985E22F7}.Debug|x86.Build.0 = Debug|Win32
		{737554E2-6605-4F62-98B9-F0C9985E22F7}.Release|Mixed Platforms.ActiveCfg = Release|Win32
		{737554E2-6605-4F62-98B9-F0C9985E22F7}.Release|Mixed Platforms.Build.0 = Release|Win32
		{737554E2-6605-4F62-98B9-F0C9985E22F7}.Release|Win32.ActiveCfg = Release|Win32
		{737554E2-6605-4F62-98B9-F0C9985E22F7}.Release|Win32.Build.0 = Release|Win32
		{737554E2-6605-4F62-98B9-F0C9985E22F7}.Release|x86.ActiveCfg = Release|Win32
		{64E6E6AB-7B3C-45FA-834C-01515BE8EDCA}.Debug|Mixed Platforms.ActiveCfg = Debug|x86
		{64E6E6AB-7B3C-45FA-834C-01515BE8EDCA}.Debug|Mixed Platforms.Build.0 = Debug|x86
		{64E6E6AB-7B3C-45FA-834C-01515BE8EDCA}.Debug|Win32.ActiveCfg = Debug|x86
		{64E6E6AB-7B3C-45FA-834C-01515BE8EDCA}.Debug|x86.ActiveCfg = Debug|x86
		{64E6E6AB-7B3C-45FA-834C-01515BE8EDCA}.Debug|x86.Build.0 = Debug|x86
		{64E6E6AB-7B3C-45FA-834C-01515BE8EDCA}.Release|Mixed Platforms.ActiveCfg = Release|x86
		{64E6E6AB-7B3C-45FA-834C-01515BE8EDCA}.Release|Mixed Platforms.Build.0 = Release|x86
		{64E6E6AB-7B3C-45FA-834C-01515BE8EDCA}.Release|Win32.ActiveCfg = Release|x86
		{64E6E6AB-7B3C-45FA-834C-01515BE8EDCA}.Release|x86.ActiveCfg = Release|x86
		{64E6E6AB-7B3C-45FA-834C-01515BE8EDCA}.Release|x86.Build.0 = Release|x86
		{013BB689-7262-4182-9A1A-85FBF3E08C41}.Debug|Mixed Platforms.ActiveCfg = Debug|x86
		{013BB689-7262-4182-9A1A-85FBF3E08C41}.Debug|Mixed Platforms.Build.0 = Debug|x86
		{013BB689-7262-4182-9A1A-85FBF3E08C41}.Debug|Win32.ActiveCfg = Debug|x86
		{013BB689-7262-4182-9A1A-85FBF3E08C41}.Debug|x86.ActiveCfg = Debug|x86
		{013BB689-7262-4182-9A1A-85FBF3E08C41}.Debug|x86.Build.0 = Debug|x86
		{013BB689-7262-4182-9A1A-85FBF3E08C41}.Release|Mixed Platforms.ActiveCfg = Release|x86
		{013BB689-7262-4182-9A1A-85FBF3E08C41}.Release|Mixed Platforms.Build.0 = Release|x86
		{013BB689-7262-4182-9A1A-85FBF3E08C41}.Release|Win32.ActiveCfg = Release|x86
		{013BB689-7262-4182-9A1A-85FBF3E08C41}.Release|x86.ActiveCfg = Release|x86
		{013BB689-7262-4182-9A1A-85FBF3E08C41}.Release|x86.Build.0 = Release|x86
	EndGlobalSection
	GlobalSection(SolutionProperties) = preSolution
		HideSolutionNode = FALSE
	EndGlobalSection
EndGlobal
